// !$*UTF8*$!
{
	archiveVersion = 1;
	classes = {
	};
	objectVersion = 50;
	objects = {

/* Begin PBXBuildFile section */
		1F4D965F247443E200C81DE3 /* AppDelegate.swift in Sources */ = {isa = PBXBuildFile; fileRef = 1F4D965E247443E200C81DE3 /* AppDelegate.swift */; };
		1F4D9661247443E200C81DE3 /* SceneDelegate.swift in Sources */ = {isa = PBXBuildFile; fileRef = 1F4D9660247443E200C81DE3 /* SceneDelegate.swift */; };
		1F4D9663247443E200C81DE3 /* ViewController.swift in Sources */ = {isa = PBXBuildFile; fileRef = 1F4D9662247443E200C81DE3 /* ViewController.swift */; };
		1F4D9666247443E200C81DE3 /* Main.storyboard in Resources */ = {isa = PBXBuildFile; fileRef = 1F4D9664247443E200C81DE3 /* Main.storyboard */; };
		1F4D9668247443E300C81DE3 /* Assets.xcassets in Resources */ = {isa = PBXBuildFile; fileRef = 1F4D9667247443E300C81DE3 /* Assets.xcassets */; };
		1F4D966B247443E300C81DE3 /* LaunchScreen.storyboard in Resources */ = {isa = PBXBuildFile; fileRef = 1F4D9669247443E300C81DE3 /* LaunchScreen.storyboard */; };
		1F4D9676247443E300C81DE3 /* KMeansTests.swift in Sources */ = {isa = PBXBuildFile; fileRef = 1F4D9675247443E300C81DE3 /* KMeansTests.swift */; };
		1F4D96812474443300C81DE3 /* moon.png in Resources */ = {isa = PBXBuildFile; fileRef = 1F4D96802474443300C81DE3 /* moon.png */; };
		1F4D968524745C3400C81DE3 /* yard.png in Resources */ = {isa = PBXBuildFile; fileRef = 1F4D968224745C3400C81DE3 /* yard.png */; };
		1F4D968624745C3400C81DE3 /* ceiling.png in Resources */ = {isa = PBXBuildFile; fileRef = 1F4D968324745C3400C81DE3 /* ceiling.png */; };
		1F4D968724745C3400C81DE3 /* couch.png in Resources */ = {isa = PBXBuildFile; fileRef = 1F4D968424745C3400C81DE3 /* couch.png */; };
/* End PBXBuildFile section */

/* Begin PBXContainerItemProxy section */
		1F4D9672247443E300C81DE3 /* PBXContainerItemProxy */ = {
			isa = PBXContainerItemProxy;
			containerPortal = 1F4D9653247443E200C81DE3 /* Project object */;
			proxyType = 1;
			remoteGlobalIDString = 1F4D965A247443E200C81DE3;
			remoteInfo = KMeans;
		};
/* End PBXContainerItemProxy section */

/* Begin PBXFileReference section */
		1F4D965B247443E200C81DE3 /* KMeans.app */ = {isa = PBXFileReference; explicitFileType = wrapper.application; includeInIndex = 0; path = KMeans.app; sourceTree = BUILT_PRODUCTS_DIR; };
		1F4D965E247443E200C81DE3 /* AppDelegate.swift */ = {isa = PBXFileReference; lastKnownFileType = sourcecode.swift; path = AppDelegate.swift; sourceTree = "<group>"; };
		1F4D9660247443E200C81DE3 /* SceneDelegate.swift */ = {isa = PBXFileReference; lastKnownFileType = sourcecode.swift; path = SceneDelegate.swift; sourceTree = "<group>"; };
		1F4D9662247443E200C81DE3 /* ViewController.swift */ = {isa = PBXFileReference; lastKnownFileType = sourcecode.swift; path = ViewController.swift; sourceTree = "<group>"; };
		1F4D9665247443E200C81DE3 /* Base */ = {isa = PBXFileReference; lastKnownFileType = file.storyboard; name = Base; path = Base.lproj/Main.storyboard; sourceTree = "<group>"; };
		1F4D9667247443E300C81DE3 /* Assets.xcassets */ = {isa = PBXFileReference; lastKnownFileType = folder.assetcatalog; path = Assets.xcassets; sourceTree = "<group>"; };
		1F4D966A247443E300C81DE3 /* Base */ = {isa = PBXFileReference; lastKnownFileType = file.storyboard; name = Base; path = Base.lproj/LaunchScreen.storyboard; sourceTree = "<group>"; };
		1F4D966C247443E300C81DE3 /* Info.plist */ = {isa = PBXFileReference; lastKnownFileType = text.plist.xml; path = Info.plist; sourceTree = "<group>"; };
		1F4D9671247443E300C81DE3 /* KMeansTests.xctest */ = {isa = PBXFileReference; explicitFileType = wrapper.cfbundle; includeInIndex = 0; path = KMeansTests.xctest; sourceTree = BUILT_PRODUCTS_DIR; };
		1F4D9675247443E300C81DE3 /* KMeansTests.swift */ = {isa = PBXFileReference; lastKnownFileType = sourcecode.swift; path = KMeansTests.swift; sourceTree = "<group>"; };
		1F4D9677247443E300C81DE3 /* Info.plist */ = {isa = PBXFileReference; lastKnownFileType = text.plist.xml; path = Info.plist; sourceTree = "<group>"; };
		1F4D96802474443300C81DE3 /* moon.png */ = {isa = PBXFileReference; lastKnownFileType = image.png; path = moon.png; sourceTree = "<group>"; };
		1F4D968224745C3400C81DE3 /* yard.png */ = {isa = PBXFileReference; lastKnownFileType = image.png; path = yard.png; sourceTree = "<group>"; };
		1F4D968324745C3400C81DE3 /* ceiling.png */ = {isa = PBXFileReference; lastKnownFileType = image.png; path = ceiling.png; sourceTree = "<group>"; };
		1F4D968424745C3400C81DE3 /* couch.png */ = {isa = PBXFileReference; lastKnownFileType = image.png; path = couch.png; sourceTree = "<group>"; };
/* End PBXFileReference section */

/* Begin PBXFrameworksBuildPhase section */
		1F4D9658247443E200C81DE3 /* Frameworks */ = {
			isa = PBXFrameworksBuildPhase;
			buildActionMask = 2147483647;
			files = (
			);
			runOnlyForDeploymentPostprocessing = 0;
		};
		1F4D966E247443E300C81DE3 /* Frameworks */ = {
			isa = PBXFrameworksBuildPhase;
			buildActionMask = 2147483647;
			files = (
			);
			runOnlyForDeploymentPostprocessing = 0;
		};
/* End PBXFrameworksBuildPhase section */

/* Begin PBXGroup section */
		1F4D9652247443E200C81DE3 = {
			isa = PBXGroup;
			children = (
				1F4D965D247443E200C81DE3 /* KMeans */,
				1F4D9674247443E300C81DE3 /* KMeansTests */,
				1F4D965C247443E200C81DE3 /* Products */,
			);
			sourceTree = "<group>";
		};
		1F4D965C247443E200C81DE3 /* Products */ = {
			isa = PBXGroup;
			children = (
				1F4D965B247443E200C81DE3 /* KMeans.app */,
				1F4D9671247443E300C81DE3 /* KMeansTests.xctest */,
			);
			name = Products;
			sourceTree = "<group>";
		};
		1F4D965D247443E200C81DE3 /* KMeans */ = {
			isa = PBXGroup;
			children = (
				1F4D968324745C3400C81DE3 /* ceiling.png */,
				1F4D968424745C3400C81DE3 /* couch.png */,
				1F4D968224745C3400C81DE3 /* yard.png */,
				1F4D96802474443300C81DE3 /* moon.png */,
				1F4D965E247443E200C81DE3 /* AppDelegate.swift */,
				1F4D9660247443E200C81DE3 /* SceneDelegate.swift */,
				1F4D9662247443E200C81DE3 /* ViewController.swift */,
				1F4D9664247443E200C81DE3 /* Main.storyboard */,
				1F4D9667247443E300C81DE3 /* Assets.xcassets */,
				1F4D9669247443E300C81DE3 /* LaunchScreen.storyboard */,
				1F4D966C247443E300C81DE3 /* Info.plist */,
			);
			path = KMeans;
			sourceTree = "<group>";
		};
		1F4D9674247443E300C81DE3 /* KMeansTests */ = {
			isa = PBXGroup;
			children = (
				1F4D9675247443E300C81DE3 /* KMeansTests.swift */,
				1F4D9677247443E300C81DE3 /* Info.plist */,
			);
			path = KMeansTests;
			sourceTree = "<group>";
		};
/* End PBXGroup section */

/* Begin PBXNativeTarget section */
		1F4D965A247443E200C81DE3 /* KMeans */ = {
			isa = PBXNativeTarget;
			buildConfigurationList = 1F4D967A247443E300C81DE3 /* Build configuration list for PBXNativeTarget "KMeans" */;
			buildPhases = (
				1F4D9657247443E200C81DE3 /* Sources */,
				1F4D9658247443E200C81DE3 /* Frameworks */,
				1F4D9659247443E200C81DE3 /* Resources */,
			);
			buildRules = (
			);
			dependencies = (
			);
			name = KMeans;
			productName = KMeans;
			productReference = 1F4D965B247443E200C81DE3 /* KMeans.app */;
			productType = "com.apple.product-type.application";
		};
		1F4D9670247443E300C81DE3 /* KMeansTests */ = {
			isa = PBXNativeTarget;
			buildConfigurationList = 1F4D967D247443E300C81DE3 /* Build configuration list for PBXNativeTarget "KMeansTests" */;
			buildPhases = (
				1F4D966D247443E300C81DE3 /* Sources */,
				1F4D966E247443E300C81DE3 /* Frameworks */,
				1F4D966F247443E300C81DE3 /* Resources */,
			);
			buildRules = (
			);
			dependencies = (
				1F4D9673247443E300C81DE3 /* PBXTargetDependency */,
			);
			name = KMeansTests;
			productName = KMeansTests;
			productReference = 1F4D9671247443E300C81DE3 /* KMeansTests.xctest */;
			productType = "com.apple.product-type.bundle.unit-test";
		};
/* End PBXNativeTarget section */

/* Begin PBXProject section */
		1F4D9653247443E200C81DE3 /* Project object */ = {
			isa = PBXProject;
			attributes = {
				LastSwiftUpdateCheck = 1140;
				LastUpgradeCheck = 1140;
				ORGANIZATIONNAME = polyergy;
				TargetAttributes = {
					1F4D965A247443E200C81DE3 = {
						CreatedOnToolsVersion = 11.4.1;
					};
					1F4D9670247443E300C81DE3 = {
						CreatedOnToolsVersion = 11.4.1;
						TestTargetID = 1F4D965A247443E200C81DE3;
					};
				};
			};
			buildConfigurationList = 1F4D9656247443E200C81DE3 /* Build configuration list for PBXProject "KMeans" */;
			compatibilityVersion = "Xcode 9.3";
			developmentRegion = en;
			hasScannedForEncodings = 0;
			knownRegions = (
				en,
				Base,
			);
			mainGroup = 1F4D9652247443E200C81DE3;
			productRefGroup = 1F4D965C247443E200C81DE3 /* Products */;
			projectDirPath = "";
			projectRoot = "";
			targets = (
				1F4D965A247443E200C81DE3 /* KMeans */,
				1F4D9670247443E300C81DE3 /* KMeansTests */,
			);
		};
/* End PBXProject section */

/* Begin PBXResourcesBuildPhase section */
		1F4D9659247443E200C81DE3 /* Resources */ = {
			isa = PBXResourcesBuildPhase;
			buildActionMask = 2147483647;
			files = (
				1F4D968724745C3400C81DE3 /* couch.png in Resources */,
				1F4D96812474443300C81DE3 /* moon.png in Resources */,
				1F4D968624745C3400C81DE3 /* ceiling.png in Resources */,
				1F4D968524745C3400C81DE3 /* yard.png in Resources */,
				1F4D966B247443E300C81DE3 /* LaunchScreen.storyboard in Resources */,
				1F4D9668247443E300C81DE3 /* Assets.xcassets in Resources */,
				1F4D9666247443E200C81DE3 /* Main.storyboard in Resources */,
			);
			runOnlyForDeploymentPostprocessing = 0;
		};
		1F4D966F247443E300C81DE3 /* Resources */ = {
			isa = PBXResourcesBuildPhase;
			buildActionMask = 2147483647;
			files = (
			);
			runOnlyForDeploymentPostprocessing = 0;
		};
/* End PBXResourcesBuildPhase section */

/* Begin PBXSourcesBuildPhase section */
		1F4D9657247443E200C81DE3 /* Sources */ = {
			isa = PBXSourcesBuildPhase;
			buildActionMask = 2147483647;
			files = (
				1F4D9663247443E200C81DE3 /* ViewController.swift in Sources */,
				1F4D965F247443E200C81DE3 /* AppDelegate.swift in Sources */,
				1F4D9661247443E200C81DE3 /* SceneDelegate.swift in Sources */,
			);
			runOnlyForDeploymentPostprocessing = 0;
		};
		1F4D966D247443E300C81DE3 /* Sources */ = {
			isa = PBXSourcesBuildPhase;
			buildActionMask = 2147483647;
			files = (
				1F4D9676247443E300C81DE3 /* KMeansTests.swift in Sources */,
			);
			runOnlyForDeploymentPostprocessing = 0;
		};
/* End PBXSourcesBuildPhase section */

/* Begin PBXTargetDependency section */
		1F4D9673247443E300C81DE3 /* PBXTargetDependency */ = {
			isa = PBXTargetDependency;
			target = 1F4D965A247443E200C81DE3 /* KMeans */;
			targetProxy = 1F4D9672247443E300C81DE3 /* PBXContainerItemProxy */;
		};
/* End PBXTargetDependency section */

/* Begin PBXVariantGroup section */
		1F4D9664247443E200C81DE3 /* Main.storyboard */ = {
			isa = PBXVariantGroup;
			children = (
				1F4D9665247443E200C81DE3 /* Base */,
			);
			name = Main.storyboard;
			sourceTree = "<group>";
		};
		1F4D9669247443E300C81DE3 /* LaunchScreen.storyboard */ = {
			isa = PBXVariantGroup;
			children = (
				1F4D966A247443E300C81DE3 /* Base */,
			);
			name = LaunchScreen.storyboard;
			sourceTree = "<group>";
		};
/* End PBXVariantGroup section */

/* Begin XCBuildConfiguration section */
		1F4D9678247443E300C81DE3 /* Debug */ = {
			isa = XCBuildConfiguration;
			buildSettings = {
				ALWAYS_SEARCH_USER_PATHS = NO;
				CLANG_ANALYZER_NONNULL = YES;
				CLANG_ANALYZER_NUMBER_OBJECT_CONVERSION = YES_AGGRESSIVE;
				CLANG_CXX_LANGUAGE_STANDARD = "gnu++14";
				CLANG_CXX_LIBRARY = "libc++";
				CLANG_ENABLE_MODULES = YES;
				CLANG_ENABLE_OBJC_ARC = YES;
				CLANG_ENABLE_OBJC_WEAK = YES;
				CLANG_WARN_BLOCK_CAPTURE_AUTORELEASING = YES;
				CLANG_WARN_BOOL_CONVERSION = YES;
				CLANG_WARN_COMMA = YES;
				CLANG_WARN_CONSTANT_CONVERSION = YES;
				CLANG_WARN_DEPRECATED_OBJC_IMPLEMENTATIONS = YES;
				CLANG_WARN_DIRECT_OBJC_ISA_USAGE = YES_ERROR;
				CLANG_WARN_DOCUMENTATION_COMMENTS = YES;
				CLANG_WARN_EMPTY_BODY = YES;
				CLANG_WARN_ENUM_CONVERSION = YES;
				CLANG_WARN_INFINITE_RECURSION = YES;
				CLANG_WARN_INT_CONVERSION = YES;
				CLANG_WARN_NON_LITERAL_NULL_CONVERSION = YES;
				CLANG_WARN_OBJC_IMPLICIT_RETAIN_SELF = YES;
				CLANG_WARN_OBJC_LITERAL_CONVERSION = YES;
				CLANG_WARN_OBJC_ROOT_CLASS = YES_ERROR;
				CLANG_WARN_RANGE_LOOP_ANALYSIS = YES;
				CLANG_WARN_STRICT_PROTOTYPES = YES;
				CLANG_WARN_SUSPICIOUS_MOVE = YES;
				CLANG_WARN_UNGUARDED_AVAILABILITY = YES_AGGRESSIVE;
				CLANG_WARN_UNREACHABLE_CODE = YES;
				CLANG_WARN__DUPLICATE_METHOD_MATCH = YES;
				COPY_PHASE_STRIP = NO;
				DEBUG_INFORMATION_FORMAT = dwarf;
				ENABLE_STRICT_OBJC_MSGSEND = YES;
				ENABLE_TESTABILITY = YES;
				GCC_C_LANGUAGE_STANDARD = gnu11;
				GCC_DYNAMIC_NO_PIC = NO;
				GCC_NO_COMMON_BLOCKS = YES;
				GCC_OPTIMIZATION_LEVEL = 0;
				GCC_PREPROCESSOR_DEFINITIONS = (
					"DEBUG=1",
					"$(inherited)",
				);
				GCC_WARN_64_TO_32_BIT_CONVERSION = YES;
				GCC_WARN_ABOUT_RETURN_TYPE = YES_ERROR;
				GCC_WARN_UNDECLARED_SELECTOR = YES;
				GCC_WARN_UNINITIALIZED_AUTOS = YES_AGGRESSIVE;
				GCC_WARN_UNUSED_FUNCTION = YES;
				GCC_WARN_UNUSED_VARIABLE = YES;
				IPHONEOS_DEPLOYMENT_TARGET = 13.4;
				MTL_ENABLE_DEBUG_INFO = INCLUDE_SOURCE;
				MTL_FAST_MATH = YES;
				ONLY_ACTIVE_ARCH = YES;
				SDKROOT = iphoneos;
				SWIFT_ACTIVE_COMPILATION_CONDITIONS = DEBUG;
				SWIFT_OPTIMIZATION_LEVEL = "-Onone";
			};
			name = Debug;
		};
		1F4D9679247443E300C81DE3 /* Release */ = {
			isa = XCBuildConfiguration;
			buildSettings = {
				ALWAYS_SEARCH_USER_PATHS = NO;
				CLANG_ANALYZER_NONNULL = YES;
				CLANG_ANALYZER_NUMBER_OBJECT_CONVERSION = YES_AGGRESSIVE;
				CLANG_CXX_LANGUAGE_STANDARD = "gnu++14";
				CLANG_CXX_LIBRARY = "libc++";
				CLANG_ENABLE_MODULES = YES;
				CLANG_ENABLE_OBJC_ARC = YES;
				CLANG_ENABLE_OBJC_WEAK = YES;
				CLANG_WARN_BLOCK_CAPTURE_AUTORELEASING = YES;
				CLANG_WARN_BOOL_CONVERSION = YES;
				CLANG_WARN_COMMA = YES;
				CLANG_WARN_CONSTANT_CONVERSION = YES;
				CLANG_WARN_DEPRECATED_OBJC_IMPLEMENTATIONS = YES;
				CLANG_WARN_DIRECT_OBJC_ISA_USAGE = YES_ERROR;
				CLANG_WARN_DOCUMENTATION_COMMENTS = YES;
				CLANG_WARN_EMPTY_BODY = YES;
				CLANG_WARN_ENUM_CONVERSION = YES;
				CLANG_WARN_INFINITE_RECURSION = YES;
				CLANG_WARN_INT_CONVERSION = YES;
				CLANG_WARN_NON_LITERAL_NULL_CONVERSION = YES;
				CLANG_WARN_OBJC_IMPLICIT_RETAIN_SELF = YES;
				CLANG_WARN_OBJC_LITERAL_CONVERSION = YES;
				CLANG_WARN_OBJC_ROOT_CLASS = YES_ERROR;
				CLANG_WARN_RANGE_LOOP_ANALYSIS = YES;
				CLANG_WARN_STRICT_PROTOTYPES = YES;
				CLANG_WARN_SUSPICIOUS_MOVE = YES;
				CLANG_WARN_UNGUARDED_AVAILABILITY = YES_AGGRESSIVE;
				CLANG_WARN_UNREACHABLE_CODE = YES;
				CLANG_WARN__DUPLICATE_METHOD_MATCH = YES;
				COPY_PHASE_STRIP = NO;
				DEBUG_INFORMATION_FORMAT = "dwarf-with-dsym";
				ENABLE_NS_ASSERTIONS = NO;
				ENABLE_STRICT_OBJC_MSGSEND = YES;
				GCC_C_LANGUAGE_STANDARD = gnu11;
				GCC_NO_COMMON_BLOCKS = YES;
				GCC_WARN_64_TO_32_BIT_CONVERSION = YES;
				GCC_WARN_ABOUT_RETURN_TYPE = YES_ERROR;
				GCC_WARN_UNDECLARED_SELECTOR = YES;
				GCC_WARN_UNINITIALIZED_AUTOS = YES_AGGRESSIVE;
				GCC_WARN_UNUSED_FUNCTION = YES;
				GCC_WARN_UNUSED_VARIABLE = YES;
				IPHONEOS_DEPLOYMENT_TARGET = 13.4;
				MTL_ENABLE_DEBUG_INFO = NO;
				MTL_FAST_MATH = YES;
				SDKROOT = iphoneos;
				SWIFT_COMPILATION_MODE = wholemodule;
				SWIFT_OPTIMIZATION_LEVEL = "-O";
				VALIDATE_PRODUCT = YES;
			};
			name = Release;
		};
		1F4D967B247443E300C81DE3 /* Debug */ = {
			isa = XCBuildConfiguration;
			buildSettings = {
				ASSETCATALOG_COMPILER_APPICON_NAME = AppIcon;
				CODE_SIGN_STYLE = Automatic;
				DEVELOPMENT_TEAM = QE4PFXDL4H;
				INFOPLIST_FILE = KMeans/Info.plist;
				IPHONEOS_DEPLOYMENT_TARGET = 13.3;
				LD_RUNPATH_SEARCH_PATHS = (
					"$(inherited)",
					"@executable_path/Frameworks",
				);
				PRODUCT_BUNDLE_IDENTIFIER = com.polyergy.KMeans;
				PRODUCT_NAME = "$(TARGET_NAME)";
				SWIFT_VERSION = 5.0;
				TARGETED_DEVICE_FAMILY = "1,2";
			};
			name = Debug;
		};
		1F4D967C247443E300C81DE3 /* Release */ = {
			isa = XCBuildConfiguration;
			buildSettings = {
				ASSETCATALOG_COMPILER_APPICON_NAME = AppIcon;
				CODE_SIGN_STYLE = Automatic;
				DEVELOPMENT_TEAM = QE4PFXDL4H;
				INFOPLIST_FILE = KMeans/Info.plist;
				IPHONEOS_DEPLOYMENT_TARGET = 13.3;
				LD_RUNPATH_SEARCH_PATHS = (
					"$(inherited)",
					"@executable_path/Frameworks",
				);
				PRODUCT_BUNDLE_IDENTIFIER = com.polyergy.KMeans;
				PRODUCT_NAME = "$(TARGET_NAME)";
				SWIFT_VERSION = 5.0;
				TARGETED_DEVICE_FAMILY = "1,2";
			};
			name = Release;
		};
		1F4D967E247443E300C81DE3 /* Debug */ = {
			isa = XCBuildConfiguration;
			buildSettings = {
				ALWAYS_EMBED_SWIFT_STANDARD_LIBRARIES = YES;
				BUNDLE_LOADER = "$(TEST_HOST)";
				CODE_SIGN_STYLE = Automatic;
				DEVELOPMENT_TEAM = QE4PFXDL4H;
				INFOPLIST_FILE = KMeansTests/Info.plist;
				IPHONEOS_DEPLOYMENT_TARGET = 13.4;
				LD_RUNPATH_SEARCH_PATHS = (
					"$(inherited)",
					"@executable_path/Frameworks",
					"@loader_path/Frameworks",
				);
				PRODUCT_BUNDLE_IDENTIFIER = com.polyergy.KMeansTests;
				PRODUCT_NAME = "$(TARGET_NAME)";
				SWIFT_VERSION = 5.0;
				TARGETED_DEVICE_FAMILY = "1,2";
				TEST_HOST = "$(BUILT_PRODUCTS_DIR)/KMeans.app/KMeans";
			};
			name = Debug;
		};
		1F4D967F247443E300C81DE3 /* Release */ = {
			isa = XCBuildConfiguration;
			buildSettings = {
				ALWAYS_EMBED_SWIFT_STANDARD_LIBRARIES = YES;
				BUNDLE_LOADER = "$(TEST_HOST)";
				CODE_SIGN_STYLE = Automatic;
				DEVELOPMENT_TEAM = QE4PFXDL4H;
				INFOPLIST_FILE = KMeansTests/Info.plist;
				IPHONEOS_DEPLOYMENT_TARGET = 13.4;
				LD_RUNPATH_SEARCH_PATHS = (
					"$(inherited)",
					"@executable_path/Frameworks",
					"@loader_path/Frameworks",
				);
				PRODUCT_BUNDLE_IDENTIFIER = com.polyergy.KMeansTests;
				PRODUCT_NAME = "$(TARGET_NAME)";
				SWIFT_VERSION = 5.0;
				TARGETED_DEVICE_FAMILY = "1,2";
				TEST_HOST = "$(BUILT_PRODUCTS_DIR)/KMeans.app/KMeans";
			};
			name = Release;
		};
/* End XCBuildConfiguration section */

/* Begin XCConfigurationList section */
		1F4D9656247443E200C81DE3 /* Build configuration list for PBXProject "KMeans" */ = {
			isa = XCConfigurationList;
			buildConfigurations = (
				1F4D9678247443E300C81DE3 /* Debug */,
				1F4D9679247443E300C81DE3 /* Release */,
			);
			defaultConfigurationIsVisible = 0;
			defaultConfigurationName = Release;
		};
		1F4D967A247443E300C81DE3 /* Build configuration list for PBXNativeTarget "KMeans" */ = {
			isa = XCConfigurationList;
			buildConfigurations = (
				1F4D967B247443E300C81DE3 /* Debug */,
				1F4D967C247443E300C81DE3 /* Release */,
			);
			defaultConfigurationIsVisible = 0;
			defaultConfigurationName = Release;
		};
		1F4D967D247443E300C81DE3 /* Build configuration list for PBXNativeTarget "KMeansTests" */ = {
			isa = XCConfigurationList;
			buildConfigurations = (
				1F4D967E247443E300C81DE3 /* Debug */,
				1F4D967F247443E300C81DE3 /* Release */,
			);
			defaultConfigurationIsVisible = 0;
			defaultConfigurationName = Release;
		};
/* End XCConfigurationList section */
	};
	rootObject = 1F4D9653247443E200C81DE3 /* Project object */;
}
